
Microsoft Visual Studio Solution File, Format Version 12.00
# Visual Studio Version 17
VisualStudioVersion = 17.7.34031.279
MinimumVisualStudioVersion = 10.0.40219.1
Project("{FAE04EC0-301F-11D3-BF4B-00C04F79EFBC}") = "RatingAPI", "RatingAPI.csproj", "{1E1EE9AD-07AA-4476-8BED-2F115336D752}"
EndProject
Global
	GlobalSection(SolutionConfigurationPlatforms) = preSolution
		Debug|Any CPU = Debug|Any CPU
		Release|Any CPU = Release|Any CPU
	EndGlobalSection
	GlobalSection(ProjectConfigurationPlatforms) = postSolution
		{1E1EE9AD-07AA-4476-8BED-2F115336D752}.Debug|Any CPU.ActiveCfg = Debug|Any CPU
		{1E1EE9AD-07AA-4476-8BED-2F115336D752}.Debug|Any CPU.Build.0 = Debug|Any CPU
		{1E1EE9AD-07AA-4476-8BED-2F115336D752}.Release|Any CPU.ActiveCfg = Release|Any CPU
		{1E1EE9AD-07AA-4476-8BED-2F115336D752}.Release|Any CPU.Build.0 = Release|Any CPU
	EndGlobalSection
	GlobalSection(SolutionProperties) = preSolution
		HideSolutionNode = FALSE
	EndGlobalSection
	GlobalSection(ExtensibilityGlobals) = postSolution
		SolutionGuid = {EDFE6F28-927B-44F6-AC8D-9B97769F1DF1}
	EndGlobalSection
EndGlobal
